Microsoft Visual Studio Solution File, Format Version 12.00
# Visual Studio Version 17
VisualStudioVersion = 17.1.32228.430
MinimumVisualStudioVersion = 16.0.0.0
Project("{9A19103F-16F7-4668-BE54-9A1E7A4F7556}") = "BlazorSample.Server", "Server\BlazorSample.Server.csproj", "{F7DCFFF1-D74E-4540-935F-469AA32E0D9B}"
EndProject
Project("{9A19103F-16F7-4668-BE54-9A1E7A4F7556}") = "BlazorSample.Client", "Client\BlazorSample.Client.csproj", "{12CB6D15-A2E5-4681-98E3-F277FFC00E96}"
EndProject
Project("{9A19103F-16F7-4668-BE54-9A1E7A4F7556}") = "BlazorSample.Shared", "Shared\BlazorSample.Shared.csproj", "{849E048B-5127-48AF-82CD-AAB3CEFDD09F}"
EndProject
Global
	GlobalSection(SolutionConfigurationPlatforms) = preSolution
		Debug|Any CPU = Debug|Any CPU
		Debug|x64 = Debug|x64
		Debug|x86 = Debug|x86
		Release|Any CPU = Release|Any CPU
		Release|x64 = Release|x64
		Release|x86 = Release|x86
	EndGlobalSection
	GlobalSection(ProjectConfigurationPlatforms) = postSolution
		{F7DCFFF1-D74E-4540-935F-469AA32E0D9B}.Debug|Any CPU.ActiveCfg = Debug|Any CPU
		{F7DCFFF1-D74E-4540-935F-469AA32E0D9B}.Debug|Any CPU.Build.0 = Debug|Any CPU
		{F7DCFFF1-D74E-4540-935F-469AA32E0D9B}.Debug|x64.ActiveCfg = Debug|Any CPU
		{F7DCFFF1-D74E-4540-935F-469AA32E0D9B}.Debug|x64.Build.0 = Debug|Any CPU
		{F7DCFFF1-D74E-4540-935F-469AA32E0D9B}.Debug|x86.ActiveCfg = Debug|Any CPU
		{F7DCFFF1-D74E-4540-935F-469AA32E0D9B}.Debug|x86.Build.0 = Debug|Any CPU
		{F7DCFFF1-D74E-4540-935F-469AA32E0D9B}.Release|Any CPU.ActiveCfg = Release|Any CPU
		{F7DCFFF1-D74E-4540-935F-469AA32E0D9B}.Release|Any CPU.Build.0 = Release|Any CPU
		{F7DCFFF1-D74E-4540-935F-469AA32E0D9B}.Release|x64.ActiveCfg = Release|Any CPU
		{F7DCFFF1-D74E-4540-935F-469AA32E0D9B}.Release|x64.Build.0 = Release|Any CPU
		{F7DCFFF1-D74E-4540-935F-469AA32E0D9B}.Release|x86.ActiveCfg = Release|Any CPU
		{F7DCFFF1-D74E-4540-935F-469AA32E0D9B}.Release|x86.Build.0 = Release|Any CPU
		{12CB6D15-A2E5-4681-98E3-F277FFC00E96}.Debug|Any CPU.ActiveCfg = Debug|Any CPU
		{12CB6D15-A2E5-4681-98E3-F277FFC00E96}.Debug|Any CPU.Build.0 = Debug|Any CPU
		{12CB6D15-A2E5-4681-98E3-F277FFC00E96}.Debug|x64.ActiveCfg = Debug|Any CPU
		{12CB6D15-A2E5-4681-98E3-F277FFC00E96}.Debug|x64.Build.0 = Debug|Any CPU
		{12CB6D15-A2E5-4681-98E3-F277FFC00E96}.Debug|x86.ActiveCfg = Debug|Any CPU
		{12CB6D15-A2E5-4681-98E3-F277FFC00E96}.Debug|x86.Build.0 = Debug|Any CPU
		{12CB6D15-A2E5-4681-98E3-F277FFC00E96}.Release|Any CPU.ActiveCfg = Release|Any CPU
		{12CB6D15-A2E5-4681-98E3-F277FFC00E96}.Release|Any CPU.Build.0 = Release|Any CPU
		{12CB6D15-A2E5-4681-98E3-F277FFC00E96}.Release|x64.ActiveCfg = Release|Any CPU
		{12CB6D15-A2E5-4681-98E3-F277FFC00E96}.Release|x64.Build.0 = Release|Any CPU
		{12CB6D15-A2E5-4681-98E3-F277FFC00E96}.Release|x86.ActiveCfg = Release|Any CPU
		{12CB6D15-A2E5-4681-98E3-F277FFC00E96}.Release|x86.Build.0 = Release|Any CPU
		{849E048B-5127-48AF-82CD-AAB3CEFDD09F}.Debug|Any CPU.ActiveCfg = Debug|Any CPU
		{849E048B-5127-48AF-82CD-AAB3CEFDD09F}.Debug|Any CPU.Build.0 = Debug|Any CPU
		{849E048B-5127-48AF-82CD-AAB3CEFDD09F}.Debug|x64.ActiveCfg = Debug|Any CPU
		{849E048B-5127-48AF-82CD-AAB3CEFDD09F}.Debug|x64.Build.0 = Debug|Any CPU
		{849E048B-5127-48AF-82CD-AAB3CEFDD09F}.Debug|x86.ActiveCfg = Debug|Any CPU
		{849E048B-5127-48AF-82CD-AAB3CEFDD09F}.Debug|x86.Build.0 = Debug|Any CPU
		{849E048B-5127-48AF-82CD-AAB3CEFDD09F}.Release|Any CPU.ActiveCfg = Release|Any CPU
		{849E048B-5127-48AF-82CD-AAB3CEFDD09F}.Release|Any CPU.Build.0 = Release|Any CPU
		{849E048B-5127-48AF-82CD-AAB3CEFDD09F}.Release|x64.ActiveCfg = Release|Any CPU
		{849E048B-5127-48AF-82CD-AAB3CEFDD09F}.Release|x64.Build.0 = Release|Any CPU
		{849E048B-5127-48AF-82CD-AAB3CEFDD09F}.Release|x86.ActiveCfg = Release|Any CPU
		{849E048B-5127-48AF-82CD-AAB3CEFDD09F}.Release|x86.Build.0 = Release|Any CPU
	EndGlobalSection
	GlobalSection(SolutionProperties) = preSolution
		HideSolutionNode = FALSE
	EndGlobalSection
	GlobalSection(ExtensibilityGlobals) = postSolution
		SolutionGuid = {13918C83-AFB4-4E4F-80DF-F4E9D067E845}
	EndGlobalSection
EndGlobal
